
Microsoft Visual Studio Solution File, Format Version 12.00
# Visual Studio Version 17
VisualStudioVersion = 17.5.33530.505
MinimumVisualStudioVersion = 10.0.40219.1
Project("{FAE04EC0-301F-11D3-BF4B-00C04F79EFBC}") = "UndyingCandles", "UndyingCandles.csproj", "{8B314519-E561-48FA-B16C-4A8C1D1F34E8}"
EndProject
Global
	GlobalSection(SolutionConfigurationPlatforms) = preSolution
		Debug|Any CPU = Debug|Any CPU
		Release|Any CPU = Release|Any CPU
	EndGlobalSection
	GlobalSection(ProjectConfigurationPlatforms) = postSolution
		{8B314519-E561-48FA-B16C-4A8C1D1F34E8}.Debug|Any CPU.ActiveCfg = Debug|Any CPU
		{8B314519-E561-48FA-B16C-4A8C1D1F34E8}.Debug|Any CPU.Build.0 = Debug|Any CPU
		{8B314519-E561-48FA-B16C-4A8C1D1F34E8}.Release|Any CPU.ActiveCfg = Release|Any CPU
		{8B314519-E561-48FA-B16C-4A8C1D1F34E8}.Release|Any CPU.Build.0 = Release|Any CPU
	EndGlobalSection
	GlobalSection(SolutionProperties) = preSolution
		HideSolutionNode = FALSE
	EndGlobalSection
	GlobalSection(ExtensibilityGlobals) = postSolution
		SolutionGuid = {58169C9F-FFAB-43AD-B04F-7B22F1A01C3C}
	EndGlobalSection
EndGlobal
